
Microsoft Visual Studio Solution File, Format Version 12.00
# Visual Studio Version 17
VisualStudioVersion = 17.8.34330.188
MinimumVisualStudioVersion = 10.0.40219.1
Project("{54A90642-561A-4BB1-A94E-469ADEE60C69}") = "PankajPortfolio", "PankajPortfolio.esproj", "{4871A68F-367D-4D0F-B4A8-8018A3033F5F}"
EndProject
Global
	GlobalSection(SolutionConfigurationPlatforms) = preSolution
		Debug|Any CPU = Debug|Any CPU
		Release|Any CPU = Release|Any CPU
	EndGlobalSection
	GlobalSection(ProjectConfigurationPlatforms) = postSolution
		{4871A68F-367D-4D0F-B4A8-8018A3033F5F}.Debug|Any CPU.ActiveCfg = Debug|Any CPU
		{4871A68F-367D-4D0F-B4A8-8018A3033F5F}.Debug|Any CPU.Build.0 = Debug|Any CPU
		{4871A68F-367D-4D0F-B4A8-8018A3033F5F}.Debug|Any CPU.Deploy.0 = Debug|Any CPU
		{4871A68F-367D-4D0F-B4A8-8018A3033F5F}.Release|Any CPU.ActiveCfg = Release|Any CPU
		{4871A68F-367D-4D0F-B4A8-8018A3033F5F}.Release|Any CPU.Build.0 = Release|Any CPU
		{4871A68F-367D-4D0F-B4A8-8018A3033F5F}.Release|Any CPU.Deploy.0 = Release|Any CPU
	EndGlobalSection
	GlobalSection(SolutionProperties) = preSolution
		HideSolutionNode = FALSE
	EndGlobalSection
	GlobalSection(ExtensibilityGlobals) = postSolution
		SolutionGuid = {09264BAA-9D1D-4325-9537-B691D9EB7279}
	EndGlobalSection
EndGlobal
